
Microsoft Visual Studio Solution File, Format Version 12.00
# Visual Studio 2013
VisualStudioVersion = 12.0.21005.1
MinimumVisualStudioVersion = 10.0.40219.1
Project("{FAE04EC0-301F-11D3-BF4B-00C04F79EFBC}") = "Lp_programming", "Lp_programming\Lp_programming.csproj", "{0A4E331B-1052-45FA-A53D-A6E80F24D394}"
EndProject
Project("{FAE04EC0-301F-11D3-BF4B-00C04F79EFBC}") = "UnitTest", "UnitTest\UnitTest.csproj", "{E81F59A9-9A94-4F2E-A524-5B62D46D1938}"
EndProject
Project("{2150E333-8FDC-42A3-9474-1A3956D46DE8}") = "Solution Items", "Solution Items", "{3B602C93-B7D5-4636-857E-DB73F4B49211}"
EndProject
Global
	GlobalSection(SolutionConfigurationPlatforms) = preSolution
		Debug|Any CPU = Debug|Any CPU
		Release|Any CPU = Release|Any CPU
	EndGlobalSection
	GlobalSection(ProjectConfigurationPlatforms) = postSolution
		{0A4E331B-1052-45FA-A53D-A6E80F24D394}.Debug|Any CPU.ActiveCfg = Debug|Any CPU
		{0A4E331B-1052-45FA-A53D-A6E80F24D394}.Debug|Any CPU.Build.0 = Debug|Any CPU
		{0A4E331B-1052-45FA-A53D-A6E80F24D394}.Release|Any CPU.ActiveCfg = Release|Any CPU
		{0A4E331B-1052-45FA-A53D-A6E80F24D394}.Release|Any CPU.Build.0 = Release|Any CPU
		{E81F59A9-9A94-4F2E-A524-5B62D46D1938}.Debug|Any CPU.ActiveCfg = Debug|Any CPU
		{E81F59A9-9A94-4F2E-A524-5B62D46D1938}.Debug|Any CPU.Build.0 = Debug|Any CPU
		{E81F59A9-9A94-4F2E-A524-5B62D46D1938}.Release|Any CPU.ActiveCfg = Release|Any CPU
		{E81F59A9-9A94-4F2E-A524-5B62D46D1938}.Release|Any CPU.Build.0 = Release|Any CPU
	EndGlobalSection
	GlobalSection(SolutionProperties) = preSolution
		HideSolutionNode = FALSE
	EndGlobalSection
EndGlobal
